{
  "nodes": {
    "nixpkgs": {
      "locked": {
        "lastModified": 1710272261,
        "narHash": "sha256-g0bDwXFmTE7uGDOs9HcJsfLFhH7fOsASbAuOzDC+fhQ=",
        "owner": "nixos",
        "repo": "nixpkgs",
        "rev": "0ad13a6833440b8e238947e47bea7f11071dc2b2",
        "type": "github"
      },
      "original": {
        "owner": "nixos",
        "ref": "nixos-unstable",
        "repo": "nixpkgs",
        "type": "github"
      }
    },
    "root": {
      "inputs": {
        "nixpkgs": "nixpkgs",
        "tmux-gruvbox": "tmux-gruvbox"
      }
    },
    "tmux-gruvbox": {
      "flake": false,
      "locked": {
        "lastModified": 1618832206,
        "narHash": "sha256-jvGCrV94vJroembKZLmvGO8NknV1Hbgz2IuNmc/BE9A=",
        "owner": "egel",
        "repo": "tmux-gruvbox",
        "rev": "3f9e38d7243179730b419b5bfafb4e22b0a969ad",
        "type": "github"
      },
      "original": {
        "owner": "egel",
        "repo": "tmux-gruvbox",
        "type": "github"
      }
    }
  },
  "root": "root",
  "version": 7
}
